Microsoft Visual Studio Solution File, Format Version 12.00
# Visual Studio Version 17
VisualStudioVersion = 17.5.2.0
MinimumVisualStudioVersion = 10.0.40219.1
Project("{FAE04EC0-301F-11D3-BF4B-00C04F79EFBC}") = "FlexyBoxBlazor", "FlexyBoxBlazor.csproj", "{91CEF1A4-D247-658A-D48F-6F452D2D9FEA}"
EndProject
Global
	GlobalSection(SolutionConfigurationPlatforms) = preSolution
		Debug|Any CPU = Debug|Any CPU
		Release|Any CPU = Release|Any CPU
	EndGlobalSection
	GlobalSection(ProjectConfigurationPlatforms) = postSolution
		{91CEF1A4-D247-658A-D48F-6F452D2D9FEA}.Debug|Any CPU.ActiveCfg = Debug|Any CPU
		{91CEF1A4-D247-658A-D48F-6F452D2D9FEA}.Debug|Any CPU.Build.0 = Debug|Any CPU
		{91CEF1A4-D247-658A-D48F-6F452D2D9FEA}.Release|Any CPU.ActiveCfg = Release|Any CPU
		{91CEF1A4-D247-658A-D48F-6F452D2D9FEA}.Release|Any CPU.Build.0 = Release|Any CPU
	EndGlobalSection
	GlobalSection(SolutionProperties) = preSolution
		HideSolutionNode = FALSE
	EndGlobalSection
	GlobalSection(ExtensibilityGlobals) = postSolution
		SolutionGuid = {A7272363-42F3-425B-BACD-6AF7EC244F70}
	EndGlobalSection
EndGlobal
